// !$*UTF8*$!
{
	archiveVersion = 1;
	classes = {
	};
	objectVersion = 56;
	objects = {

/* Begin PBXBuildFile section */
		788DE4AA2C99508400B9812D /* Registration.swift in Sources */ = {isa = PBXBuildFile; fileRef = 788DE4A92C99508400B9812D /* Registration.swift */; };
		788DE4AC2C99545E00B9812D /* RegistrationView.swift in Sources */ = {isa = PBXBuildFile; fileRef = 788DE4AB2C99545E00B9812D /* RegistrationView.swift */; };
		788DE4AD2C99545E00B9812D /* RegistrationView.swift in Sources */ = {isa = PBXBuildFile; fileRef = 788DE4AB2C99545E00B9812D /* RegistrationView.swift */; };
		788DE4AE2C99545E00B9812D /* RegistrationView.swift in Sources */ = {isa = PBXBuildFile; fileRef = 788DE4AB2C99545E00B9812D /* RegistrationView.swift */; };
		788DE4B02C99555500B9812D /* RegistrationViewModel.swift in Sources */ = {isa = PBXBuildFile; fileRef = 788DE4AF2C99555500B9812D /* RegistrationViewModel.swift */; };
		788DE4B22C995C2400B9812D /* RegistrationButton.swift in Sources */ = {isa = PBXBuildFile; fileRef = 788DE4B12C995C2400B9812D /* RegistrationButton.swift */; };
		788DE4B32C995C2400B9812D /* RegistrationButton.swift in Sources */ = {isa = PBXBuildFile; fileRef = 788DE4B12C995C2400B9812D /* RegistrationButton.swift */; };
		788DE4B42C995C2400B9812D /* RegistrationButton.swift in Sources */ = {isa = PBXBuildFile; fileRef = 788DE4B12C995C2400B9812D /* RegistrationButton.swift */; };
		78B8CB4A2C98035100416A3B /* AutorizedAppApp.swift in Sources */ = {isa = PBXBuildFile; fileRef = 78B8CB492C98035100416A3B /* AutorizedAppApp.swift */; };
		78B8CB4C2C98035100416A3B /* ContentView.swift in Sources */ = {isa = PBXBuildFile; fileRef = 78B8CB4B2C98035100416A3B /* ContentView.swift */; };
		78B8CB4E2C98035300416A3B /* Assets.xcassets in Resources */ = {isa = PBXBuildFile; fileRef = 78B8CB4D2C98035300416A3B /* Assets.xcassets */; };
		78B8CB512C98035300416A3B /* Preview Assets.xcassets in Resources */ = {isa = PBXBuildFile; fileRef = 78B8CB502C98035300416A3B /* Preview Assets.xcassets */; };
		78B8CB5B2C98035300416A3B /* AutorizedAppTests.swift in Sources */ = {isa = PBXBuildFile; fileRef = 78B8CB5A2C98035300416A3B /* AutorizedAppTests.swift */; };
		78B8CB652C98035300416A3B /* AutorizedAppUITests.swift in Sources */ = {isa = PBXBuildFile; fileRef = 78B8CB642C98035300416A3B /* AutorizedAppUITests.swift */; };
		78B8CB672C98035300416A3B /* AutorizedAppUITestsLaunchTests.swift in Sources */ = {isa = PBXBuildFile; fileRef = 78B8CB662C98035300416A3B /* AutorizedAppUITestsLaunchTests.swift */; };
		78B8CB7B2C98056900416A3B /* AuthorizationView.swift in Sources */ = {isa = PBXBuildFile; fileRef = 78B8CB7A2C98056900416A3B /* AuthorizationView.swift */; };
		78B8CB7C2C98056900416A3B /* AuthorizationView.swift in Sources */ = {isa = PBXBuildFile; fileRef = 78B8CB7A2C98056900416A3B /* AuthorizationView.swift */; };
		78B8CB7D2C98056900416A3B /* AuthorizationView.swift in Sources */ = {isa = PBXBuildFile; fileRef = 78B8CB7A2C98056900416A3B /* AuthorizationView.swift */; };
		78B8CB7F2C98087B00416A3B /* AuthorizationViewModel.swift in Sources */ = {isa = PBXBuildFile; fileRef = 78B8CB7E2C98087B00416A3B /* AuthorizationViewModel.swift */; };
		78B8CB802C98087B00416A3B /* AuthorizationViewModel.swift in Sources */ = {isa = PBXBuildFile; fileRef = 78B8CB7E2C98087B00416A3B /* AuthorizationViewModel.swift */; };
		78B8CB812C98087B00416A3B /* AuthorizationViewModel.swift in Sources */ = {isa = PBXBuildFile; fileRef = 78B8CB7E2C98087B00416A3B /* AuthorizationViewModel.swift */; };
		78B8CB892C98096300416A3B /* Model.swift in Sources */ = {isa = PBXBuildFile; fileRef = 78B8CB882C98096300416A3B /* Model.swift */; };
		78B8CB8A2C98096300416A3B /* Model.swift in Sources */ = {isa = PBXBuildFile; fileRef = 78B8CB882C98096300416A3B /* Model.swift */; };
		78B8CB8B2C98096300416A3B /* Model.swift in Sources */ = {isa = PBXBuildFile; fileRef = 78B8CB882C98096300416A3B /* Model.swift */; };
		78B8CB8D2C980F8D00416A3B /* FormField.swift in Sources */ = {isa = PBXBuildFile; fileRef = 78B8CB8C2C980F8D00416A3B /* FormField.swift */; };
		78B8CB8E2C980F8D00416A3B /* FormField.swift in Sources */ = {isa = PBXBuildFile; fileRef = 78B8CB8C2C980F8D00416A3B /* FormField.swift */; };
		78B8CB8F2C980F8D00416A3B /* FormField.swift in Sources */ = {isa = PBXBuildFile; fileRef = 78B8CB8C2C980F8D00416A3B /* FormField.swift */; };
		78B8CB952C982AEF00416A3B /* RequirementText.swift in Sources */ = {isa = PBXBuildFile; fileRef = 78B8CB942C982AEF00416A3B /* RequirementText.swift */; };
		78B8CB962C982AEF00416A3B /* RequirementText.swift in Sources */ = {isa = PBXBuildFile; fileRef = 78B8CB942C982AEF00416A3B /* RequirementText.swift */; };
		78B8CB972C982AEF00416A3B /* RequirementText.swift in Sources */ = {isa = PBXBuildFile; fileRef = 78B8CB942C982AEF00416A3B /* RequirementText.swift */; };
		78B8CB992C984AA100416A3B /* RestorePassword.swift in Sources */ = {isa = PBXBuildFile; fileRef = 78B8CB982C984AA100416A3B /* RestorePassword.swift */; };
		78B8CB9A2C984AA100416A3B /* RestorePassword.swift in Sources */ = {isa = PBXBuildFile; fileRef = 78B8CB982C984AA100416A3B /* RestorePassword.swift */; };
		78B8CB9B2C984AA100416A3B /* RestorePassword.swift in Sources */ = {isa = PBXBuildFile; fileRef = 78B8CB982C984AA100416A3B /* RestorePassword.swift */; };
		78B8CB9D2C98600300416A3B /* GoogleService-Info.plist in Resources */ = {isa = PBXBuildFile; fileRef = 78B8CB9C2C98600300416A3B /* GoogleService-Info.plist */; };
		78B8CB9E2C98600300416A3B /* GoogleService-Info.plist in Resources */ = {isa = PBXBuildFile; fileRef = 78B8CB9C2C98600300416A3B /* GoogleService-Info.plist */; };
		78B8CB9F2C98600300416A3B /* GoogleService-Info.plist in Resources */ = {isa = PBXBuildFile; fileRef = 78B8CB9C2C98600300416A3B /* GoogleService-Info.plist */; };
		78B8CBAB2C9870F500416A3B /* SignIn.swift in Sources */ = {isa = PBXBuildFile; fileRef = 78B8CBAA2C9870F500416A3B /* SignIn.swift */; };
		78B8CBAC2C9870F500416A3B /* SignIn.swift in Sources */ = {isa = PBXBuildFile; fileRef = 78B8CBAA2C9870F500416A3B /* SignIn.swift */; };
		78B8CBAD2C9870F500416A3B /* SignIn.swift in Sources */ = {isa = PBXBuildFile; fileRef = 78B8CBAA2C9870F500416A3B /* SignIn.swift */; };
		78B8CBAF2C98759600416A3B /* SignInButton.swift in Sources */ = {isa = PBXBuildFile; fileRef = 78B8CBAE2C98759600416A3B /* SignInButton.swift */; };
		78B8CBB02C98759600416A3B /* SignInButton.swift in Sources */ = {isa = PBXBuildFile; fileRef = 78B8CBAE2C98759600416A3B /* SignInButton.swift */; };
		78B8CBB12C98759600416A3B /* SignInButton.swift in Sources */ = {isa = PBXBuildFile; fileRef = 78B8CBAE2C98759600416A3B /* SignInButton.swift */; };
		78B8CBB42C987C2700416A3B /* HomePage.swift in Sources */ = {isa = PBXBuildFile; fileRef = 78B8CBB32C987C2700416A3B /* HomePage.swift */; };
		78B8CBB52C987C2700416A3B /* HomePage.swift in Sources */ = {isa = PBXBuildFile; fileRef = 78B8CBB32C987C2700416A3B /* HomePage.swift */; };
		78B8CBB62C987C2700416A3B /* HomePage.swift in Sources */ = {isa = PBXBuildFile; fileRef = 78B8CBB32C987C2700416A3B /* HomePage.swift */; };
		78B8CBB82C9882E200416A3B /* AuthtenticationError.swift in Sources */ = {isa = PBXBuildFile; fileRef = 78B8CBB72C9882E200416A3B /* AuthtenticationError.swift */; };
		78B8CBB92C9882E200416A3B /* AuthtenticationError.swift in Sources */ = {isa = PBXBuildFile; fileRef = 78B8CBB72C9882E200416A3B /* AuthtenticationError.swift */; };
		78B8CBBA2C9882E200416A3B /* AuthtenticationError.swift in Sources */ = {isa = PBXBuildFile; fileRef = 78B8CBB72C9882E200416A3B /* AuthtenticationError.swift */; };
		C1F6A818E12684E926B44D92 /* Pods_AutorizedApp.framework in Frameworks */ = {isa = PBXBuildFile; fileRef = BF2E9A7B2B66806E73A62B53 /* Pods_AutorizedApp.framework */; };
/* End PBXBuildFile section */

/* Begin PBXContainerItemProxy section */
		78B8CB572C98035300416A3B /* PBXContainerItemProxy */ = {
			isa = PBXContainerItemProxy;
			containerPortal = 78B8CB3E2C98035100416A3B /* Project object */;
			proxyType = 1;
			remoteGlobalIDString = 78B8CB452C98035100416A3B;
			remoteInfo = AutorizedApp;
		};
		78B8CB612C98035300416A3B /* PBXContainerItemProxy */ = {
			isa = PBXContainerItemProxy;
			containerPortal = 78B8CB3E2C98035100416A3B /* Project object */;
			proxyType = 1;
			remoteGlobalIDString = 78B8CB452C98035100416A3B;
			remoteInfo = AutorizedApp;
		};
/* End PBXContainerItemProxy section */

/* Begin PBXFileReference section */
		0616051E323B4CB5C492B14A /* Pods-AutorizedApp.debug.xcconfig */ = {isa = PBXFileReference; includeInIndex = 1; lastKnownFileType = text.xcconfig; name = "Pods-AutorizedApp.debug.xcconfig"; path = "Target Support Files/Pods-AutorizedApp/Pods-AutorizedApp.debug.xcconfig"; sourceTree = "<group>"; };
		788DE4A92C99508400B9812D /* Registration.swift */ = {isa = PBXFileReference; lastKnownFileType = sourcecode.swift; path = Registration.swift; sourceTree = "<group>"; };
		788DE4AB2C99545E00B9812D /* RegistrationView.swift */ = {isa = PBXFileReference; lastKnownFileType = sourcecode.swift; path = RegistrationView.swift; sourceTree = "<group>"; };
		788DE4AF2C99555500B9812D /* RegistrationViewModel.swift */ = {isa = PBXFileReference; lastKnownFileType = sourcecode.swift; path = RegistrationViewModel.swift; sourceTree = "<group>"; };
		788DE4B12C995C2400B9812D /* RegistrationButton.swift */ = {isa = PBXFileReference; lastKnownFileType = sourcecode.swift; path = RegistrationButton.swift; sourceTree = "<group>"; };
		78B8CB462C98035100416A3B /* AutorizedApp.app */ = {isa = PBXFileReference; explicitFileType = wrapper.application; includeInIndex = 0; path = AutorizedApp.app; sourceTree = BUILT_PRODUCTS_DIR; };
		78B8CB492C98035100416A3B /* AutorizedAppApp.swift */ = {isa = PBXFileReference; lastKnownFileType = sourcecode.swift; path = AutorizedAppApp.swift; sourceTree = "<group>"; };
		78B8CB4B2C98035100416A3B /* ContentView.swift */ = {isa = PBXFileReference; lastKnownFileType = sourcecode.swift; path = ContentView.swift; sourceTree = "<group>"; };
		78B8CB4D2C98035300416A3B /* Assets.xcassets */ = {isa = PBXFileReference; lastKnownFileType = folder.assetcatalog; path = Assets.xcassets; sourceTree = "<group>"; };
		78B8CB502C98035300416A3B /* Preview Assets.xcassets */ = {isa = PBXFileReference; lastKnownFileType = folder.assetcatalog; path = "Preview Assets.xcassets"; sourceTree = "<group>"; };
		78B8CB562C98035300416A3B /* AutorizedAppTests.xctest */ = {isa = PBXFileReference; explicitFileType = wrapper.cfbundle; includeInIndex = 0; path = AutorizedAppTests.xctest; sourceTree = BUILT_PRODUCTS_DIR; };
		78B8CB5A2C98035300416A3B /* AutorizedAppTests.swift */ = {isa = PBXFileReference; lastKnownFileType = sourcecode.swift; path = AutorizedAppTests.swift; sourceTree = "<group>"; };
		78B8CB602C98035300416A3B /* AutorizedAppUITests.xctest */ = {isa = PBXFileReference; explicitFileType = wrapper.cfbundle; includeInIndex = 0; path = AutorizedAppUITests.xctest; sourceTree = BUILT_PRODUCTS_DIR; };
		78B8CB642C98035300416A3B /* AutorizedAppUITests.swift */ = {isa = PBXFileReference; lastKnownFileType = sourcecode.swift; path = AutorizedAppUITests.swift; sourceTree = "<group>"; };
		78B8CB662C98035300416A3B /* AutorizedAppUITestsLaunchTests.swift */ = {isa = PBXFileReference; lastKnownFileType = sourcecode.swift; path = AutorizedAppUITestsLaunchTests.swift; sourceTree = "<group>"; };
		78B8CB7A2C98056900416A3B /* AuthorizationView.swift */ = {isa = PBXFileReference; lastKnownFileType = sourcecode.swift; path = AuthorizationView.swift; sourceTree = "<group>"; };
		78B8CB7E2C98087B00416A3B /* AuthorizationViewModel.swift */ = {isa = PBXFileReference; lastKnownFileType = sourcecode.swift; path = AuthorizationViewModel.swift; sourceTree = "<group>"; };
		78B8CB882C98096300416A3B /* Model.swift */ = {isa = PBXFileReference; lastKnownFileType = sourcecode.swift; path = Model.swift; sourceTree = "<group>"; };
		78B8CB8C2C980F8D00416A3B /* FormField.swift */ = {isa = PBXFileReference; lastKnownFileType = sourcecode.swift; path = FormField.swift; sourceTree = "<group>"; };
		78B8CB942C982AEF00416A3B /* RequirementText.swift */ = {isa = PBXFileReference; lastKnownFileType = sourcecode.swift; path = RequirementText.swift; sourceTree = "<group>"; };
		78B8CB982C984AA100416A3B /* RestorePassword.swift */ = {isa = PBXFileReference; lastKnownFileType = sourcecode.swift; path = RestorePassword.swift; sourceTree = "<group>"; };
		78B8CB9C2C98600300416A3B /* GoogleService-Info.plist */ = {isa = PBXFileReference; fileEncoding = 4; lastKnownFileType = text.plist.xml; path = "GoogleService-Info.plist"; sourceTree = "<group>"; };
		78B8CBA32C9861E900416A3B /* Info.plist */ = {isa = PBXFileReference; lastKnownFileType = text.plist; path = Info.plist; sourceTree = "<group>"; };
		78B8CBAA2C9870F500416A3B /* SignIn.swift */ = {isa = PBXFileReference; lastKnownFileType = sourcecode.swift; path = SignIn.swift; sourceTree = "<group>"; };
		78B8CBAE2C98759600416A3B /* SignInButton.swift */ = {isa = PBXFileReference; lastKnownFileType = sourcecode.swift; path = SignInButton.swift; sourceTree = "<group>"; };
		78B8CBB32C987C2700416A3B /* HomePage.swift */ = {isa = PBXFileReference; lastKnownFileType = sourcecode.swift; path = HomePage.swift; sourceTree = "<group>"; };
		78B8CBB72C9882E200416A3B /* AuthtenticationError.swift */ = {isa = PBXFileReference; lastKnownFileType = sourcecode.swift; path = AuthtenticationError.swift; sourceTree = "<group>"; };
		927CD1E12E8825C96280E50B /* Pods-AutorizedApp.release.xcconfig */ = {isa = PBXFileReference; includeInIndex = 1; lastKnownFileType = text.xcconfig; name = "Pods-AutorizedApp.release.xcconfig"; path = "Target Support Files/Pods-AutorizedApp/Pods-AutorizedApp.release.xcconfig"; sourceTree = "<group>"; };
		BF2E9A7B2B66806E73A62B53 /* Pods_AutorizedApp.framework */ = {isa = PBXFileReference; explicitFileType = wrapper.framework; includeInIndex = 0; path = Pods_AutorizedApp.framework; sourceTree = BUILT_PRODUCTS_DIR; };
/* End PBXFileReference section */

/* Begin PBXFrameworksBuildPhase section */
		78B8CB432C98035100416A3B /* Frameworks */ = {
			isa = PBXFrameworksBuildPhase;
			buildActionMask = 2147483647;
			files = (
				C1F6A818E12684E926B44D92 /* Pods_AutorizedApp.framework in Frameworks */,
			);
			runOnlyForDeploymentPostprocessing = 0;
		};
		78B8CB532C98035300416A3B /* Frameworks */ = {
			isa = PBXFrameworksBuildPhase;
			buildActionMask = 2147483647;
			files = (
			);
			runOnlyForDeploymentPostprocessing = 0;
		};
		78B8CB5D2C98035300416A3B /* Frameworks */ = {
			isa = PBXFrameworksBuildPhase;
			buildActionMask = 2147483647;
			files = (
			);
			runOnlyForDeploymentPostprocessing = 0;
		};
/* End PBXFrameworksBuildPhase section */

/* Begin PBXGroup section */
		788DE4A32C994EC800B9812D /* Frameworks */ = {
			isa = PBXGroup;
			children = (
				BF2E9A7B2B66806E73A62B53 /* Pods_AutorizedApp.framework */,
			);
			name = Frameworks;
			sourceTree = "<group>";
		};
		788DE4A62C994FA100B9812D /* Registration */ = {
			isa = PBXGroup;
			children = (
				788DE4A82C99501000B9812D /* ViewModel */,
				788DE4A72C99500A00B9812D /* View */,
				788DE4A92C99508400B9812D /* Registration.swift */,
			);
			path = Registration;
			sourceTree = "<group>";
		};
		788DE4A72C99500A00B9812D /* View */ = {
			isa = PBXGroup;
			children = (
				788DE4AB2C99545E00B9812D /* RegistrationView.swift */,
				788DE4B12C995C2400B9812D /* RegistrationButton.swift */,
			);
			path = View;
			sourceTree = "<group>";
		};
		788DE4A82C99501000B9812D /* ViewModel */ = {
			isa = PBXGroup;
			children = (
				788DE4AF2C99555500B9812D /* RegistrationViewModel.swift */,
			);
			path = ViewModel;
			sourceTree = "<group>";
		};
		78B8CB3D2C98035100416A3B = {
			isa = PBXGroup;
			children = (
				788DE4A62C994FA100B9812D /* Registration */,
				78B8CB9C2C98600300416A3B /* GoogleService-Info.plist */,
				78B8CBB22C987BFD00416A3B /* HomePage */,
				78B8CBA92C9870DA00416A3B /* SignIn */,
				78B8CB872C98095100416A3B /* Model */,
				78B8CB732C9804DA00416A3B /* Authorization */,
				78B8CB482C98035100416A3B /* AutorizedApp */,
				78B8CB592C98035300416A3B /* AutorizedAppTests */,
				78B8CB632C98035300416A3B /* AutorizedAppUITests */,
				78B8CB472C98035100416A3B /* Products */,
				788DE4A32C994EC800B9812D /* Frameworks */,
				8642BF24F03CEE4E0F7576EE /* Pods */,
			);
			sourceTree = "<group>";
		};
		78B8CB472C98035100416A3B /* Products */ = {
			isa = PBXGroup;
			children = (
				78B8CB462C98035100416A3B /* AutorizedApp.app */,
				78B8CB562C98035300416A3B /* AutorizedAppTests.xctest */,
				78B8CB602C98035300416A3B /* AutorizedAppUITests.xctest */,
			);
			name = Products;
			sourceTree = "<group>";
		};
		78B8CB482C98035100416A3B /* AutorizedApp */ = {
			isa = PBXGroup;
			children = (
				78B8CBA32C9861E900416A3B /* Info.plist */,
				78B8CB492C98035100416A3B /* AutorizedAppApp.swift */,
				78B8CB4B2C98035100416A3B /* ContentView.swift */,
				78B8CB4D2C98035300416A3B /* Assets.xcassets */,
				78B8CB4F2C98035300416A3B /* Preview Content */,
			);
			path = AutorizedApp;
			sourceTree = "<group>";
		};
		78B8CB4F2C98035300416A3B /* Preview Content */ = {
			isa = PBXGroup;
			children = (
				78B8CB502C98035300416A3B /* Preview Assets.xcassets */,
			);
			path = "Preview Content";
			sourceTree = "<group>";
		};
		78B8CB592C98035300416A3B /* AutorizedAppTests */ = {
			isa = PBXGroup;
			children = (
				78B8CB5A2C98035300416A3B /* AutorizedAppTests.swift */,
			);
			path = AutorizedAppTests;
			sourceTree = "<group>";
		};
		78B8CB632C98035300416A3B /* AutorizedAppUITests */ = {
			isa = PBXGroup;
			children = (
				78B8CB642C98035300416A3B /* AutorizedAppUITests.swift */,
				78B8CB662C98035300416A3B /* AutorizedAppUITestsLaunchTests.swift */,
			);
			path = AutorizedAppUITests;
			sourceTree = "<group>";
		};
		78B8CB732C9804DA00416A3B /* Authorization */ = {
			isa = PBXGroup;
			children = (
				78B8CB752C98052B00416A3B /* View */,
				78B8CB742C98052100416A3B /* ViewModel */,
			);
			path = Authorization;
			sourceTree = "<group>";
		};
		78B8CB742C98052100416A3B /* ViewModel */ = {
			isa = PBXGroup;
			children = (
				78B8CB7E2C98087B00416A3B /* AuthorizationViewModel.swift */,
			);
			path = ViewModel;
			sourceTree = "<group>";
		};
		78B8CB752C98052B00416A3B /* View */ = {
			isa = PBXGroup;
			children = (
				78B8CB7A2C98056900416A3B /* AuthorizationView.swift */,
				78B8CB8C2C980F8D00416A3B /* FormField.swift */,
				78B8CB942C982AEF00416A3B /* RequirementText.swift */,
				78B8CB982C984AA100416A3B /* RestorePassword.swift */,
				78B8CBAE2C98759600416A3B /* SignInButton.swift */,
				78B8CBB72C9882E200416A3B /* AuthtenticationError.swift */,
			);
			path = View;
			sourceTree = "<group>";
		};
		78B8CB872C98095100416A3B /* Model */ = {
			isa = PBXGroup;
			children = (
				78B8CB882C98096300416A3B /* Model.swift */,
			);
			path = Model;
			sourceTree = "<group>";
		};
		78B8CBA92C9870DA00416A3B /* SignIn */ = {
			isa = PBXGroup;
			children = (
				78B8CBAA2C9870F500416A3B /* SignIn.swift */,
			);
			path = SignIn;
			sourceTree = "<group>";
		};
		78B8CBB22C987BFD00416A3B /* HomePage */ = {
			isa = PBXGroup;
			children = (
				78B8CBB32C987C2700416A3B /* HomePage.swift */,
			);
			path = HomePage;
			sourceTree = "<group>";
		};
		8642BF24F03CEE4E0F7576EE /* Pods */ = {
			isa = PBXGroup;
			children = (
				0616051E323B4CB5C492B14A /* Pods-AutorizedApp.debug.xcconfig */,
				927CD1E12E8825C96280E50B /* Pods-AutorizedApp.release.xcconfig */,
			);
			name = Pods;
			path = Pods;
			sourceTree = "<group>";
		};
/* End PBXGroup section */

/* Begin PBXNativeTarget section */
		78B8CB452C98035100416A3B /* AutorizedApp */ = {
			isa = PBXNativeTarget;
			buildConfigurationList = 78B8CB6A2C98035300416A3B /* Build configuration list for PBXNativeTarget "AutorizedApp" */;
			buildPhases = (
				AB377398732ABE05C4969CCB /* [CP] Check Pods Manifest.lock */,
				78B8CB422C98035100416A3B /* Sources */,
				78B8CB432C98035100416A3B /* Frameworks */,
				78B8CB442C98035100416A3B /* Resources */,
				B04A5339851987AB208512B7 /* [CP] Embed Pods Frameworks */,
			);
			buildRules = (
			);
			dependencies = (
			);
			name = AutorizedApp;
			productName = AutorizedApp;
			productReference = 78B8CB462C98035100416A3B /* AutorizedApp.app */;
			productType = "com.apple.product-type.application";
		};
		78B8CB552C98035300416A3B /* AutorizedAppTests */ = {
			isa = PBXNativeTarget;
			buildConfigurationList = 78B8CB6D2C98035300416A3B /* Build configuration list for PBXNativeTarget "AutorizedAppTests" */;
			buildPhases = (
				78B8CB522C98035300416A3B /* Sources */,
				78B8CB532C98035300416A3B /* Frameworks */,
				78B8CB542C98035300416A3B /* Resources */,
			);
			buildRules = (
			);
			dependencies = (
				78B8CB582C98035300416A3B /* PBXTargetDependency */,
			);
			name = AutorizedAppTests;
			productName = AutorizedAppTests;
			productReference = 78B8CB562C98035300416A3B /* AutorizedAppTests.xctest */;
			productType = "com.apple.product-type.bundle.unit-test";
		};
		78B8CB5F2C98035300416A3B /* AutorizedAppUITests */ = {
			isa = PBXNativeTarget;
			buildConfigurationList = 78B8CB702C98035300416A3B /* Build configuration list for PBXNativeTarget "AutorizedAppUITests" */;
			buildPhases = (
				78B8CB5C2C98035300416A3B /* Sources */,
				78B8CB5D2C98035300416A3B /* Frameworks */,
				78B8CB5E2C98035300416A3B /* Resources */,
			);
			buildRules = (
			);
			dependencies = (
				78B8CB622C98035300416A3B /* PBXTargetDependency */,
			);
			name = AutorizedAppUITests;
			productName = AutorizedAppUITests;
			productReference = 78B8CB602C98035300416A3B /* AutorizedAppUITests.xctest */;
			productType = "com.apple.product-type.bundle.ui-testing";
		};
/* End PBXNativeTarget section */

/* Begin PBXProject section */
		78B8CB3E2C98035100416A3B /* Project object */ = {
			isa = PBXProject;
			attributes = {
				BuildIndependentTargetsInParallel = 1;
				LastSwiftUpdateCheck = 1430;
				LastUpgradeCheck = 1430;
				TargetAttributes = {
					78B8CB452C98035100416A3B = {
						CreatedOnToolsVersion = 14.3.1;
					};
					78B8CB552C98035300416A3B = {
						CreatedOnToolsVersion = 14.3.1;
						TestTargetID = 78B8CB452C98035100416A3B;
					};
					78B8CB5F2C98035300416A3B = {
						CreatedOnToolsVersion = 14.3.1;
						TestTargetID = 78B8CB452C98035100416A3B;
					};
				};
			};
			buildConfigurationList = 78B8CB412C98035100416A3B /* Build configuration list for PBXProject "AutorizedApp" */;
			compatibilityVersion = "Xcode 14.0";
			developmentRegion = en;
			hasScannedForEncodings = 0;
			knownRegions = (
				en,
				Base,
			);
			mainGroup = 78B8CB3D2C98035100416A3B;
			productRefGroup = 78B8CB472C98035100416A3B /* Products */;
			projectDirPath = "";
			projectRoot = "";
			targets = (
				78B8CB452C98035100416A3B /* AutorizedApp */,
				78B8CB552C98035300416A3B /* AutorizedAppTests */,
				78B8CB5F2C98035300416A3B /* AutorizedAppUITests */,
			);
		};
/* End PBXProject section */

/* Begin PBXResourcesBuildPhase section */
		78B8CB442C98035100416A3B /* Resources */ = {
			isa = PBXResourcesBuildPhase;
			buildActionMask = 2147483647;
			files = (
				78B8CB512C98035300416A3B /* Preview Assets.xcassets in Resources */,
				78B8CB4E2C98035300416A3B /* Assets.xcassets in Resources */,
				78B8CB9D2C98600300416A3B /* GoogleService-Info.plist in Resources */,
			);
			runOnlyForDeploymentPostprocessing = 0;
		};
		78B8CB542C98035300416A3B /* Resources */ = {
			isa = PBXResourcesBuildPhase;
			buildActionMask = 2147483647;
			files = (
				78B8CB9E2C98600300416A3B /* GoogleService-Info.plist in Resources */,
			);
			runOnlyForDeploymentPostprocessing = 0;
		};
		78B8CB5E2C98035300416A3B /* Resources */ = {
			isa = PBXResourcesBuildPhase;
			buildActionMask = 2147483647;
			files = (
				78B8CB9F2C98600300416A3B /* GoogleService-Info.plist in Resources */,
			);
			runOnlyForDeploymentPostprocessing = 0;
		};
/* End PBXResourcesBuildPhase section */

/* Begin PBXShellScriptBuildPhase section */
		AB377398732ABE05C4969CCB /* [CP] Check Pods Manifest.lock */ = {
			isa = PBXShellScriptBuildPhase;
			buildActionMask = 2147483647;
			files = (
			);
			inputFileListPaths = (
			);
			inputPaths = (
				"${PODS_PODFILE_DIR_PATH}/Podfile.lock",
				"${PODS_ROOT}/Manifest.lock",
			);
			name = "[CP] Check Pods Manifest.lock";
			outputFileListPaths = (
			);
			outputPaths = (
				"$(DERIVED_FILE_DIR)/Pods-AutorizedApp-checkManifestLockResult.txt",
			);
			runOnlyForDeploymentPostprocessing = 0;
			shellPath = /bin/sh;
			shellScript = "diff \"${PODS_PODFILE_DIR_PATH}/Podfile.lock\" \"${PODS_ROOT}/Manifest.lock\" > /dev/null\nif [ $? != 0 ] ; then\n    # print error to STDERR\n    echo \"error: The sandbox is not in sync with the Podfile.lock. Run 'pod install' or update your CocoaPods installation.\" >&2\n    exit 1\nfi\n# This output is used by Xcode 'outputs' to avoid re-running this script phase.\necho \"SUCCESS\" > \"${SCRIPT_OUTPUT_FILE_0}\"\n";
			showEnvVarsInLog = 0;
		};
		B04A5339851987AB208512B7 /* [CP] Embed Pods Frameworks */ = {
			isa = PBXShellScriptBuildPhase;
			buildActionMask = 2147483647;
			files = (
			);
			inputFileListPaths = (
				"${PODS_ROOT}/Target Support Files/Pods-AutorizedApp/Pods-AutorizedApp-frameworks-${CONFIGURATION}-input-files.xcfilelist",
			);
			name = "[CP] Embed Pods Frameworks";
			outputFileListPaths = (
				"${PODS_ROOT}/Target Support Files/Pods-AutorizedApp/Pods-AutorizedApp-frameworks-${CONFIGURATION}-output-files.xcfilelist",
			);
			runOnlyForDeploymentPostprocessing = 0;
			shellPath = /bin/sh;
			shellScript = "\"${PODS_ROOT}/Target Support Files/Pods-AutorizedApp/Pods-AutorizedApp-frameworks.sh\"\n";
			showEnvVarsInLog = 0;
		};
/* End PBXShellScriptBuildPhase section */

/* Begin PBXSourcesBuildPhase section */
		78B8CB422C98035100416A3B /* Sources */ = {
			isa = PBXSourcesBuildPhase;
			buildActionMask = 2147483647;
			files = (
				78B8CB952C982AEF00416A3B /* RequirementText.swift in Sources */,
				78B8CBB42C987C2700416A3B /* HomePage.swift in Sources */,
				78B8CBAB2C9870F500416A3B /* SignIn.swift in Sources */,
				788DE4AC2C99545E00B9812D /* RegistrationView.swift in Sources */,
				78B8CB8D2C980F8D00416A3B /* FormField.swift in Sources */,
				78B8CB892C98096300416A3B /* Model.swift in Sources */,
				78B8CB4C2C98035100416A3B /* ContentView.swift in Sources */,
				788DE4AA2C99508400B9812D /* Registration.swift in Sources */,
				78B8CBAF2C98759600416A3B /* SignInButton.swift in Sources */,
				78B8CB4A2C98035100416A3B /* AutorizedAppApp.swift in Sources */,
				788DE4B22C995C2400B9812D /* RegistrationButton.swift in Sources */,
				788DE4B02C99555500B9812D /* RegistrationViewModel.swift in Sources */,
				78B8CB7B2C98056900416A3B /* AuthorizationView.swift in Sources */,
				78B8CB7F2C98087B00416A3B /* AuthorizationViewModel.swift in Sources */,
				78B8CB992C984AA100416A3B /* RestorePassword.swift in Sources */,
				78B8CBB82C9882E200416A3B /* AuthtenticationError.swift in Sources */,
			);
			runOnlyForDeploymentPostprocessing = 0;
		};
		78B8CB522C98035300416A3B /* Sources */ = {
			isa = PBXSourcesBuildPhase;
			buildActionMask = 2147483647;
			files = (
				78B8CB9A2C984AA100416A3B /* RestorePassword.swift in Sources */,
				788DE4B32C995C2400B9812D /* RegistrationButton.swift in Sources */,
				78B8CB962C982AEF00416A3B /* RequirementText.swift in Sources */,
				78B8CB7C2C98056900416A3B /* AuthorizationView.swift in Sources */,
				788DE4AD2C99545E00B9812D /* RegistrationView.swift in Sources */,
				78B8CB5B2C98035300416A3B /* AutorizedAppTests.swift in Sources */,
				78B8CB802C98087B00416A3B /* AuthorizationViewModel.swift in Sources */,
				78B8CBB52C987C2700416A3B /* HomePage.swift in Sources */,
				78B8CBB02C98759600416A3B /* SignInButton.swift in Sources */,
				78B8CB8A2C98096300416A3B /* Model.swift in Sources */,
				78B8CB8E2C980F8D00416A3B /* FormField.swift in Sources */,
				78B8CBB92C9882E200416A3B /* AuthtenticationError.swift in Sources */,
				78B8CBAC2C9870F500416A3B /* SignIn.swift in Sources */,
			);
			runOnlyForDeploymentPostprocessing = 0;
		};
		78B8CB5C2C98035300416A3B /* Sources */ = {
			isa = PBXSourcesBuildPhase;
			buildActionMask = 2147483647;
			files = (
				78B8CB972C982AEF00416A3B /* RequirementText.swift in Sources */,
				78B8CBB62C987C2700416A3B /* HomePage.swift in Sources */,
				78B8CBAD2C9870F500416A3B /* SignIn.swift in Sources */,
				788DE4AE2C99545E00B9812D /* RegistrationView.swift in Sources */,
				78B8CB8F2C980F8D00416A3B /* FormField.swift in Sources */,
				78B8CB8B2C98096300416A3B /* Model.swift in Sources */,
				788DE4B42C995C2400B9812D /* RegistrationButton.swift in Sources */,
				78B8CB672C98035300416A3B /* AutorizedAppUITestsLaunchTests.swift in Sources */,
				78B8CBB12C98759600416A3B /* SignInButton.swift in Sources */,
				78B8CB652C98035300416A3B /* AutorizedAppUITests.swift in Sources */,
				78B8CB7D2C98056900416A3B /* AuthorizationView.swift in Sources */,
				78B8CB812C98087B00416A3B /* AuthorizationViewModel.swift in Sources */,
				78B8CB9B2C984AA100416A3B /* RestorePassword.swift in Sources */,
				78B8CBBA2C9882E200416A3B /* AuthtenticationError.swift in Sources */,
			);
			runOnlyForDeploymentPostprocessing = 0;
		};
/* End PBXSourcesBuildPhase section */

/* Begin PBXTargetDependency section */
		78B8CB582C98035300416A3B /* PBXTargetDependency */ = {
			isa = PBXTargetDependency;
			target = 78B8CB452C98035100416A3B /* AutorizedApp */;
			targetProxy = 78B8CB572C98035300416A3B /* PBXContainerItemProxy */;
		};
		78B8CB622C98035300416A3B /* PBXTargetDependency */ = {
			isa = PBXTargetDependency;
			target = 78B8CB452C98035100416A3B /* AutorizedApp */;
			targetProxy = 78B8CB612C98035300416A3B /* PBXContainerItemProxy */;
		};
/* End PBXTargetDependency section */

/* Begin XCBuildConfiguration section */
		78B8CB682C98035300416A3B /* Debug */ = {
			isa = XCBuildConfiguration;
			buildSettings = {
				ALWAYS_SEARCH_USER_PATHS = NO;
				CLANG_ANALYZER_NONNULL = YES;
				CLANG_ANALYZER_NUMBER_OBJECT_CONVERSION = YES_AGGRESSIVE;
				CLANG_CXX_LANGUAGE_STANDARD = "gnu++20";
				CLANG_ENABLE_MODULES = YES;
				CLANG_ENABLE_OBJC_ARC = YES;
				CLANG_ENABLE_OBJC_WEAK = YES;
				CLANG_WARN_BLOCK_CAPTURE_AUTORELEASING = YES;
				CLANG_WARN_BOOL_CONVERSION = YES;
				CLANG_WARN_COMMA = YES;
				CLANG_WARN_CONSTANT_CONVERSION = YES;
				CLANG_WARN_DEPRECATED_OBJC_IMPLEMENTATIONS = YES;
				CLANG_WARN_DIRECT_OBJC_ISA_USAGE = YES_ERROR;
				CLANG_WARN_DOCUMENTATION_COMMENTS = YES;
				CLANG_WARN_EMPTY_BODY = YES;
				CLANG_WARN_ENUM_CONVERSION = YES;
				CLANG_WARN_INFINITE_RECURSION = YES;
				CLANG_WARN_INT_CONVERSION = YES;
				CLANG_WARN_NON_LITERAL_NULL_CONVERSION = YES;
				CLANG_WARN_OBJC_IMPLICIT_RETAIN_SELF = YES;
				CLANG_WARN_OBJC_LITERAL_CONVERSION = YES;
				CLANG_WARN_OBJC_ROOT_CLASS = YES_ERROR;
				CLANG_WARN_QUOTED_INCLUDE_IN_FRAMEWORK_HEADER = YES;
				CLANG_WARN_RANGE_LOOP_ANALYSIS = YES;
				CLANG_WARN_STRICT_PROTOTYPES = YES;
				CLANG_WARN_SUSPICIOUS_MOVE = YES;
				CLANG_WARN_UNGUARDED_AVAILABILITY = YES_AGGRESSIVE;
				CLANG_WARN_UNREACHABLE_CODE = YES;
				CLANG_WARN__DUPLICATE_METHOD_MATCH = YES;
				COPY_PHASE_STRIP = NO;
				DEBUG_INFORMATION_FORMAT = dwarf;
				ENABLE_STRICT_OBJC_MSGSEND = YES;
				ENABLE_TESTABILITY = YES;
				GCC_C_LANGUAGE_STANDARD = gnu11;
				GCC_DYNAMIC_NO_PIC = NO;
				GCC_NO_COMMON_BLOCKS = YES;
				GCC_OPTIMIZATION_LEVEL = 0;
				GCC_PREPROCESSOR_DEFINITIONS = (
					"DEBUG=1",
					"$(inherited)",
				);
				GCC_WARN_64_TO_32_BIT_CONVERSION = YES;
				GCC_WARN_ABOUT_RETURN_TYPE = YES_ERROR;
				GCC_WARN_UNDECLARED_SELECTOR = YES;
				GCC_WARN_UNINITIALIZED_AUTOS = YES_AGGRESSIVE;
				GCC_WARN_UNUSED_FUNCTION = YES;
				GCC_WARN_UNUSED_VARIABLE = YES;
				IPHONEOS_DEPLOYMENT_TARGET = 16.4;
				MTL_ENABLE_DEBUG_INFO = INCLUDE_SOURCE;
				MTL_FAST_MATH = YES;
				ONLY_ACTIVE_ARCH = YES;
				SDKROOT = iphoneos;
				SWIFT_ACTIVE_COMPILATION_CONDITIONS = DEBUG;
				SWIFT_OPTIMIZATION_LEVEL = "-Onone";
			};
			name = Debug;
		};
		78B8CB692C98035300416A3B /* Release */ = {
			isa = XCBuildConfiguration;
			buildSettings = {
				ALWAYS_SEARCH_USER_PATHS = NO;
				CLANG_ANALYZER_NONNULL = YES;
				CLANG_ANALYZER_NUMBER_OBJECT_CONVERSION = YES_AGGRESSIVE;
				CLANG_CXX_LANGUAGE_STANDARD = "gnu++20";
				CLANG_ENABLE_MODULES = YES;
				CLANG_ENABLE_OBJC_ARC = YES;
				CLANG_ENABLE_OBJC_WEAK = YES;
				CLANG_WARN_BLOCK_CAPTURE_AUTORELEASING = YES;
				CLANG_WARN_BOOL_CONVERSION = YES;
				CLANG_WARN_COMMA = YES;
				CLANG_WARN_CONSTANT_CONVERSION = YES;
				CLANG_WARN_DEPRECATED_OBJC_IMPLEMENTATIONS = YES;
				CLANG_WARN_DIRECT_OBJC_ISA_USAGE = YES_ERROR;
				CLANG_WARN_DOCUMENTATION_COMMENTS = YES;
				CLANG_WARN_EMPTY_BODY = YES;
				CLANG_WARN_ENUM_CONVERSION = YES;
				CLANG_WARN_INFINITE_RECURSION = YES;
				CLANG_WARN_INT_CONVERSION = YES;
				CLANG_WARN_NON_LITERAL_NULL_CONVERSION = YES;
				CLANG_WARN_OBJC_IMPLICIT_RETAIN_SELF = YES;
				CLANG_WARN_OBJC_LITERAL_CONVERSION = YES;
				CLANG_WARN_OBJC_ROOT_CLASS = YES_ERROR;
				CLANG_WARN_QUOTED_INCLUDE_IN_FRAMEWORK_HEADER = YES;
				CLANG_WARN_RANGE_LOOP_ANALYSIS = YES;
				CLANG_WARN_STRICT_PROTOTYPES = YES;
				CLANG_WARN_SUSPICIOUS_MOVE = YES;
				CLANG_WARN_UNGUARDED_AVAILABILITY = YES_AGGRESSIVE;
				CLANG_WARN_UNREACHABLE_CODE = YES;
				CLANG_WARN__DUPLICATE_METHOD_MATCH = YES;
				COPY_PHASE_STRIP = NO;
				DEBUG_INFORMATION_FORMAT = "dwarf-with-dsym";
				ENABLE_NS_ASSERTIONS = NO;
				ENABLE_STRICT_OBJC_MSGSEND = YES;
				GCC_C_LANGUAGE_STANDARD = gnu11;
				GCC_NO_COMMON_BLOCKS = YES;
				GCC_WARN_64_TO_32_BIT_CONVERSION = YES;
				GCC_WARN_ABOUT_RETURN_TYPE = YES_ERROR;
				GCC_WARN_UNDECLARED_SELECTOR = YES;
				GCC_WARN_UNINITIALIZED_AUTOS = YES_AGGRESSIVE;
				GCC_WARN_UNUSED_FUNCTION = YES;
				GCC_WARN_UNUSED_VARIABLE = YES;
				IPHONEOS_DEPLOYMENT_TARGET = 16.4;
				MTL_ENABLE_DEBUG_INFO = NO;
				MTL_FAST_MATH = YES;
				SDKROOT = iphoneos;
				SWIFT_COMPILATION_MODE = wholemodule;
				SWIFT_OPTIMIZATION_LEVEL = "-O";
				VALIDATE_PRODUCT = YES;
			};
			name = Release;
		};
		78B8CB6B2C98035300416A3B /* Debug */ = {
			isa = XCBuildConfiguration;
			baseConfigurationReference = 0616051E323B4CB5C492B14A /* Pods-AutorizedApp.debug.xcconfig */;
			buildSettings = {
				ASSETCATALOG_COMPILER_APPICON_NAME = AppIcon;
				ASSETCATALOG_COMPILER_GLOBAL_ACCENT_COLOR_NAME = AccentColor;
				CODE_SIGN_STYLE = Automatic;
				CURRENT_PROJECT_VERSION = 1;
				DEVELOPMENT_ASSET_PATHS = "\"AutorizedApp/Preview Content\"";
				ENABLE_PREVIEWS = YES;
				GENERATE_INFOPLIST_FILE = YES;
				INFOPLIST_FILE = AutorizedApp/Info.plist;
				INFOPLIST_KEY_UIApplicationSceneManifest_Generation = YES;
				INFOPLIST_KEY_UIApplicationSupportsIndirectInputEvents = YES;
				INFOPLIST_KEY_UILaunchScreen_Generation = YES;
				INFOPLIST_KEY_UISupportedInterfaceOrientations_iPad = "UIInterfaceOrientationPortrait UIInterfaceOrientationPortraitUpsideDown UIInterfaceOrientationLandscapeLeft UIInterfaceOrientationLandscapeRight";
				INFOPLIST_KEY_UISupportedInterfaceOrientations_iPhone = "UIInterfaceOrientationPortrait UIInterfaceOrientationLandscapeLeft UIInterfaceOrientationLandscapeRight";
				LD_RUNPATH_SEARCH_PATHS = (
					"$(inherited)",
					"@executable_path/Frameworks",
				);
				MARKETING_VERSION = 1.0;
				PRODUCT_BUNDLE_IDENTIFIER = s21.AutorizedApp;
				PRODUCT_NAME = "$(TARGET_NAME)";
				SWIFT_EMIT_LOC_STRINGS = YES;
				SWIFT_VERSION = 5.0;
				TARGETED_DEVICE_FAMILY = "1,2";
			};
			name = Debug;
		};
		78B8CB6C2C98035300416A3B /* Release */ = {
			isa = XCBuildConfiguration;
			baseConfigurationReference = 927CD1E12E8825C96280E50B /* Pods-AutorizedApp.release.xcconfig */;
			buildSettings = {
				ASSETCATALOG_COMPILER_APPICON_NAME = AppIcon;
				ASSETCATALOG_COMPILER_GLOBAL_ACCENT_COLOR_NAME = AccentColor;
				CODE_SIGN_STYLE = Automatic;
				CURRENT_PROJECT_VERSION = 1;
				DEVELOPMENT_ASSET_PATHS = "\"AutorizedApp/Preview Content\"";
				ENABLE_PREVIEWS = YES;
				GENERATE_INFOPLIST_FILE = YES;
				INFOPLIST_FILE = AutorizedApp/Info.plist;
				INFOPLIST_KEY_UIApplicationSceneManifest_Generation = YES;
				INFOPLIST_KEY_UIApplicationSupportsIndirectInputEvents = YES;
				INFOPLIST_KEY_UILaunchScreen_Generation = YES;
				INFOPLIST_KEY_UISupportedInterfaceOrientations_iPad = "UIInterfaceOrientationPortrait UIInterfaceOrientationPortraitUpsideDown UIInterfaceOrientationLandscapeLeft UIInterfaceOrientationLandscapeRight";
				INFOPLIST_KEY_UISupportedInterfaceOrientations_iPhone = "UIInterfaceOrientationPortrait UIInterfaceOrientationLandscapeLeft UIInterfaceOrientationLandscapeRight";
				LD_RUNPATH_SEARCH_PATHS = (
					"$(inherited)",
					"@executable_path/Frameworks",
				);
				MARKETING_VERSION = 1.0;
				PRODUCT_BUNDLE_IDENTIFIER = s21.AutorizedApp;
				PRODUCT_NAME = "$(TARGET_NAME)";
				SWIFT_EMIT_LOC_STRINGS = YES;
				SWIFT_VERSION = 5.0;
				TARGETED_DEVICE_FAMILY = "1,2";
			};
			name = Release;
		};
		78B8CB6E2C98035300416A3B /* Debug */ = {
			isa = XCBuildConfiguration;
			buildSettings = {
				ALWAYS_EMBED_SWIFT_STANDARD_LIBRARIES = YES;
				BUNDLE_LOADER = "$(TEST_HOST)";
				CODE_SIGN_STYLE = Automatic;
				CURRENT_PROJECT_VERSION = 1;
				GENERATE_INFOPLIST_FILE = YES;
				IPHONEOS_DEPLOYMENT_TARGET = 16.4;
				MARKETING_VERSION = 1.0;
				PRODUCT_BUNDLE_IDENTIFIER = s21.AutorizedAppTests;
				PRODUCT_NAME = "$(TARGET_NAME)";
				SWIFT_EMIT_LOC_STRINGS = NO;
				SWIFT_VERSION = 5.0;
				TARGETED_DEVICE_FAMILY = "1,2";
				TEST_HOST = "$(BUILT_PRODUCTS_DIR)/AutorizedApp.app/$(BUNDLE_EXECUTABLE_FOLDER_PATH)/AutorizedApp";
			};
			name = Debug;
		};
		78B8CB6F2C98035300416A3B /* Release */ = {
			isa = XCBuildConfiguration;
			buildSettings = {
				ALWAYS_EMBED_SWIFT_STANDARD_LIBRARIES = YES;
				BUNDLE_LOADER = "$(TEST_HOST)";
				CODE_SIGN_STYLE = Automatic;
				CURRENT_PROJECT_VERSION = 1;
				GENERATE_INFOPLIST_FILE = YES;
				IPHONEOS_DEPLOYMENT_TARGET = 16.4;
				MARKETING_VERSION = 1.0;
				PRODUCT_BUNDLE_IDENTIFIER = s21.AutorizedAppTests;
				PRODUCT_NAME = "$(TARGET_NAME)";
				SWIFT_EMIT_LOC_STRINGS = NO;
				SWIFT_VERSION = 5.0;
				TARGETED_DEVICE_FAMILY = "1,2";
				TEST_HOST = "$(BUILT_PRODUCTS_DIR)/AutorizedApp.app/$(BUNDLE_EXECUTABLE_FOLDER_PATH)/AutorizedApp";
			};
			name = Release;
		};
		78B8CB712C98035300416A3B /* Debug */ = {
			isa = XCBuildConfiguration;
			buildSettings = {
				ALWAYS_EMBED_SWIFT_STANDARD_LIBRARIES = YES;
				CODE_SIGN_STYLE = Automatic;
				CURRENT_PROJECT_VERSION = 1;
				GENERATE_INFOPLIST_FILE = YES;
				MARKETING_VERSION = 1.0;
				PRODUCT_BUNDLE_IDENTIFIER = s21.AutorizedAppUITests;
				PRODUCT_NAME = "$(TARGET_NAME)";
				SWIFT_EMIT_LOC_STRINGS = NO;
				SWIFT_VERSION = 5.0;
				TARGETED_DEVICE_FAMILY = "1,2";
				TEST_TARGET_NAME = AutorizedApp;
			};
			name = Debug;
		};
		78B8CB722C98035300416A3B /* Release */ = {
			isa = XCBuildConfiguration;
			buildSettings = {
				ALWAYS_EMBED_SWIFT_STANDARD_LIBRARIES = YES;
				CODE_SIGN_STYLE = Automatic;
				CURRENT_PROJECT_VERSION = 1;
				GENERATE_INFOPLIST_FILE = YES;
				MARKETING_VERSION = 1.0;
				PRODUCT_BUNDLE_IDENTIFIER = s21.AutorizedAppUITests;
				PRODUCT_NAME = "$(TARGET_NAME)";
				SWIFT_EMIT_LOC_STRINGS = NO;
				SWIFT_VERSION = 5.0;
				TARGETED_DEVICE_FAMILY = "1,2";
				TEST_TARGET_NAME = AutorizedApp;
			};
			name = Release;
		};
/* End XCBuildConfiguration section */

/* Begin XCConfigurationList section */
		78B8CB412C98035100416A3B /* Build configuration list for PBXProject "AutorizedApp" */ = {
			isa = XCConfigurationList;
			buildConfigurations = (
				78B8CB682C98035300416A3B /* Debug */,
				78B8CB692C98035300416A3B /* Release */,
			);
			defaultConfigurationIsVisible = 0;
			defaultConfigurationName = Release;
		};
		78B8CB6A2C98035300416A3B /* Build configuration list for PBXNativeTarget "AutorizedApp" */ = {
			isa = XCConfigurationList;
			buildConfigurations = (
				78B8CB6B2C98035300416A3B /* Debug */,
				78B8CB6C2C98035300416A3B /* Release */,
			);
			defaultConfigurationIsVisible = 0;
			defaultConfigurationName = Release;
		};
		78B8CB6D2C98035300416A3B /* Build configuration list for PBXNativeTarget "AutorizedAppTests" */ = {
			isa = XCConfigurationList;
			buildConfigurations = (
				78B8CB6E2C98035300416A3B /* Debug */,
				78B8CB6F2C98035300416A3B /* Release */,
			);
			defaultConfigurationIsVisible = 0;
			defaultConfigurationName = Release;
		};
		78B8CB702C98035300416A3B /* Build configuration list for PBXNativeTarget "AutorizedAppUITests" */ = {
			isa = XCConfigurationList;
			buildConfigurations = (
				78B8CB712C98035300416A3B /* Debug */,
				78B8CB722C98035300416A3B /* Release */,
			);
			defaultConfigurationIsVisible = 0;
			defaultConfigurationName = Release;
		};
/* End XCConfigurationList section */
	};
	rootObject = 78B8CB3E2C98035100416A3B /* Project object */;
}
